
Microsoft Visual Studio Solution File, Format Version 12.00
# Visual Studio Version 17
VisualStudioVersion = 17.11.35222.181
MinimumVisualStudioVersion = 10.0.40219.1
Project("{FAE04EC0-301F-11D3-BF4B-00C04F79EFBC}") = "RockPaperScissorsProject", "RockPaperScissorsProject\RockPaperScissorsProject.csproj", "{EF092230-7B91-43CA-98E8-7485CEDFBC4E}"
EndProject
Global
	GlobalSection(SolutionConfigurationPlatforms) = preSolution
		Debug|Any CPU = Debug|Any CPU
		Release|Any CPU = Release|Any CPU
	EndGlobalSection
	GlobalSection(ProjectConfigurationPlatforms) = postSolution
		{EF092230-7B91-43CA-98E8-7485CEDFBC4E}.Debug|Any CPU.ActiveCfg = Debug|Any CPU
		{EF092230-7B91-43CA-98E8-7485CEDFBC4E}.Debug|Any CPU.Build.0 = Debug|Any CPU
		{EF092230-7B91-43CA-98E8-7485CEDFBC4E}.Release|Any CPU.ActiveCfg = Release|Any CPU
		{EF092230-7B91-43CA-98E8-7485CEDFBC4E}.Release|Any CPU.Build.0 = Release|Any CPU
	EndGlobalSection
	GlobalSection(SolutionProperties) = preSolution
		HideSolutionNode = FALSE
	EndGlobalSection
	GlobalSection(ExtensibilityGlobals) = postSolution
		SolutionGuid = {F36DE5A2-A2C1-41B0-B40A-BF97DE3CD459}
	EndGlobalSection
EndGlobal
